
Microsoft Visual Studio Solution File, Format Version 12.00
# Visual Studio Version 17
VisualStudioVersion = 17.8.34408.163
MinimumVisualStudioVersion = 10.0.40219.1
Project("{FAE04EC0-301F-11D3-BF4B-00C04F79EFBC}") = "PayRoll_AP", "PayRoll_AP\PayRoll_AP.csproj", "{4C3C3232-FDCB-4F0D-8D22-755EDDD499AD}"
EndProject
Global
	GlobalSection(SolutionConfigurationPlatforms) = preSolution
		Debug|Any CPU = Debug|Any CPU
		Release|Any CPU = Release|Any CPU
	EndGlobalSection
	GlobalSection(ProjectConfigurationPlatforms) = postSolution
		{4C3C3232-FDCB-4F0D-8D22-755EDDD499AD}.Debug|Any CPU.ActiveCfg = Debug|Any CPU
		{4C3C3232-FDCB-4F0D-8D22-755EDDD499AD}.Debug|Any CPU.Build.0 = Debug|Any CPU
		{4C3C3232-FDCB-4F0D-8D22-755EDDD499AD}.Release|Any CPU.ActiveCfg = Release|Any CPU
		{4C3C3232-FDCB-4F0D-8D22-755EDDD499AD}.Release|Any CPU.Build.0 = Release|Any CPU
	EndGlobalSection
	GlobalSection(SolutionProperties) = preSolution
		HideSolutionNode = FALSE
	EndGlobalSection
	GlobalSection(ExtensibilityGlobals) = postSolution
		SolutionGuid = {0CF35A95-03DE-42F6-8AF5-7F7BF01D4C13}
	EndGlobalSection
EndGlobal
